
Microsoft Visual Studio Solution File, Format Version 12.00
# Visual Studio 15
VisualStudioVersion = 15.0.27004.2009
MinimumVisualStudioVersion = 10.0.40219.1
Project("{9A19103F-16F7-4668-BE54-9A1E7A4F7556}") = "GraphQLSampleWeb", "GraphQLSampleWeb\GraphQLSampleWeb.csproj", "{713D017D-1FA3-4BB7-AD9E-60AB5362D831}"
EndProject
Project("{9A19103F-16F7-4668-BE54-9A1E7A4F7556}") = "ConsoleApp1", "ConsoleApp1\ConsoleApp1.csproj", "{7D457AAD-5981-441C-8E8C-6F3FDCC1619F}"
EndProject
Global
	GlobalSection(SolutionConfigurationPlatforms) = preSolution
		Debug|Any CPU = Debug|Any CPU
		Release|Any CPU = Release|Any CPU
	EndGlobalSection
	GlobalSection(ProjectConfigurationPlatforms) = postSolution
		{713D017D-1FA3-4BB7-AD9E-60AB5362D831}.Debug|Any CPU.ActiveCfg = Debug|Any CPU
		{713D017D-1FA3-4BB7-AD9E-60AB5362D831}.Debug|Any CPU.Build.0 = Debug|Any CPU
		{713D017D-1FA3-4BB7-AD9E-60AB5362D831}.Release|Any CPU.ActiveCfg = Release|Any CPU
		{713D017D-1FA3-4BB7-AD9E-60AB5362D831}.Release|Any CPU.Build.0 = Release|Any CPU
		{7D457AAD-5981-441C-8E8C-6F3FDCC1619F}.Debug|Any CPU.ActiveCfg = Debug|Any CPU
		{7D457AAD-5981-441C-8E8C-6F3FDCC1619F}.Debug|Any CPU.Build.0 = Debug|Any CPU
		{7D457AAD-5981-441C-8E8C-6F3FDCC1619F}.Release|Any CPU.ActiveCfg = Release|Any CPU
		{7D457AAD-5981-441C-8E8C-6F3FDCC1619F}.Release|Any CPU.Build.0 = Release|Any CPU
	EndGlobalSection
	GlobalSection(SolutionProperties) = preSolution
		HideSolutionNode = FALSE
	EndGlobalSection
	GlobalSection(ExtensibilityGlobals) = postSolution
		SolutionGuid = {CA50EC87-0535-4484-B53F-B6459B526CCC}
	EndGlobalSection
EndGlobal
